PODS:
  - FBAEMKit (13.1.0):
    - FBSDKCoreKit_Basics (= 13.1.0)
  - FBSDKCoreKit (13.1.0):
    - FBAEMKit (= 13.1.0)
    - FBSDKCoreKit_Basics (= 13.1.0)
  - FBSDKCoreKit_Basics (13.1.0)
  - FBSDKLoginKit (13.1.0):
    - FBSDKCoreKit (= 13.1.0)

DEPENDENCIES:
  - FBSDKLoginKit

SPEC REPOS:
  trunk:
    - FBAEMKit
    - FBSDKCoreKit
    - FBSDKCoreKit_Basics
    - FBSDKLoginKit

SPEC CHECKSUMS:
  FBAEMKit: 9ce89760a23f03ffecd907c8e1f3201160f2dcc7
  FBSDKCoreKit: eff97dea778dbe6cc4498959cffb619c75675102
  FBSDKCoreKit_Basics: c151609a1cf6976a5958febcf0043266a8fd5151
  FBSDKLoginKit: 42932c7ad6f6b91854fc0a6bcc79b7e807bcde4b

PODFILE CHECKSUM: 526981d41bd08509b08ff4021f4ce2a1c67579af

COCOAPODS: 1.11.3
