// !$*UTF8*$!
{
	archiveVersion = 1;
	classes = {
	};
	objectVersion = 55;
	objects = {

/* Begin PBXBuildFile section */
		5C650D484CE9A7681D4C6945 /* Pods_TestMe2_TestMe2UITests.framework in Frameworks */ = {isa = PBXBuildFile; fileRef = E9889985B0BD11A7CE759A41 /* Pods_TestMe2_TestMe2UITests.framework */; };
		84505FD327E8E90A0054094A /* FeedBackViewController.swift in Sources */ = {isa = PBXBuildFile; fileRef = 84505FD227E8E90A0054094A /* FeedBackViewController.swift */; };
		84505FD527E8EA520054094A /* userLoginViewController.swift in Sources */ = {isa = PBXBuildFile; fileRef = 84505FD427E8EA520054094A /* userLoginViewController.swift */; };
		8466A0BC27E0F031007A1A77 /* javaQViewController.swift in Sources */ = {isa = PBXBuildFile; fileRef = 8466A0BB27E0F031007A1A77 /* javaQViewController.swift */; };
		8466A0DE27E22035007A1A77 /* userViewController.swift in Sources */ = {isa = PBXBuildFile; fileRef = 8466A0DD27E22035007A1A77 /* userViewController.swift */; };
		8466A0E027E22082007A1A77 /* adminViewController.swift in Sources */ = {isa = PBXBuildFile; fileRef = 8466A0DF27E22082007A1A77 /* adminViewController.swift */; };
		8466A0E227E24975007A1A77 /* swiftQViewController.swift in Sources */ = {isa = PBXBuildFile; fileRef = 8466A0E127E24975007A1A77 /* swiftQViewController.swift */; };
		8466A0E427E24F02007A1A77 /* cplusplusViewController.swift in Sources */ = {isa = PBXBuildFile; fileRef = 8466A0E327E24F02007A1A77 /* cplusplusViewController.swift */; };
		8466A0E627E251AB007A1A77 /* userScoreViewController.swift in Sources */ = {isa = PBXBuildFile; fileRef = 8466A0E527E251AB007A1A77 /* userScoreViewController.swift */; };
		8466A13027E28314007A1A77 /* TestMe2Tests.swift in Sources */ = {isa = PBXBuildFile; fileRef = 8466A12F27E28314007A1A77 /* TestMe2Tests.swift */; };
		8466A13D27E28325007A1A77 /* TestMe2UITests.swift in Sources */ = {isa = PBXBuildFile; fileRef = 8466A13C27E28325007A1A77 /* TestMe2UITests.swift */; };
		8466A13F27E28325007A1A77 /* TestMe2UITestsLaunchTests.swift in Sources */ = {isa = PBXBuildFile; fileRef = 8466A13E27E28325007A1A77 /* TestMe2UITestsLaunchTests.swift */; };
		8466A14727E38BDF007A1A77 /* Validate.swift in Sources */ = {isa = PBXBuildFile; fileRef = 8466A14527E38BCC007A1A77 /* Validate.swift */; };
		8466A18727E7EFBC007A1A77 /* DBHelper.swift in Sources */ = {isa = PBXBuildFile; fileRef = 8466A18627E7EFBC007A1A77 /* DBHelper.swift */; };
		8498E5AF27E9345700AD2E97 /* adminLoginViewController.swift in Sources */ = {isa = PBXBuildFile; fileRef = 8498E5AE27E9345700AD2E97 /* adminLoginViewController.swift */; };
		84C54C1C27E0E626009009B0 /* AppDelegate.swift in Sources */ = {isa = PBXBuildFile; fileRef = 84C54C1B27E0E626009009B0 /* AppDelegate.swift */; };
		84C54C1E27E0E626009009B0 /* SceneDelegate.swift in Sources */ = {isa = PBXBuildFile; fileRef = 84C54C1D27E0E626009009B0 /* SceneDelegate.swift */; };
		84C54C2027E0E626009009B0 /* ViewController.swift in Sources */ = {isa = PBXBuildFile; fileRef = 84C54C1F27E0E626009009B0 /* ViewController.swift */; };
		84C54C2327E0E626009009B0 /* Main.storyboard in Resources */ = {isa = PBXBuildFile; fileRef = 84C54C2127E0E626009009B0 /* Main.storyboard */; };
		84C54C2527E0E629009009B0 /* Assets.xcassets in Resources */ = {isa = PBXBuildFile; fileRef = 84C54C2427E0E629009009B0 /* Assets.xcassets */; };
		84C54C2827E0E629009009B0 /* LaunchScreen.storyboard in Resources */ = {isa = PBXBuildFile; fileRef = 84C54C2627E0E629009009B0 /* LaunchScreen.storyboard */; };
		84C54C3027E0E7BB009009B0 /* User.swift in Sources */ = {isa = PBXBuildFile; fileRef = 84C54C2F27E0E7BB009009B0 /* User.swift */; };
		84C54C3227E0EE3E009009B0 /* Answers.swift in Sources */ = {isa = PBXBuildFile; fileRef = 84C54C3127E0EE3D009009B0 /* Answers.swift */; };
		8B2A5BB17C44FEA94F6207F3 /* Pods_TestMe2Tests.framework in Frameworks */ = {isa = PBXBuildFile; fileRef = F81E728C8CE9A3D7825E7C0E /* Pods_TestMe2Tests.framework */; };
		A582A26A8D7D62F3FC958800 /* Pods_TestMe2.framework in Frameworks */ = {isa = PBXBuildFile; fileRef = 0EF544507D5F3E411D73D6CE /* Pods_TestMe2.framework */; };
/* End PBXBuildFile section */

/* Begin PBXContainerItemProxy section */
		8466A13127E28314007A1A77 /* PBXContainerItemProxy */ = {
			isa = PBXContainerItemProxy;
			containerPortal = 84C54C1027E0E626009009B0 /* Project object */;
			proxyType = 1;
			remoteGlobalIDString = 84C54C1727E0E626009009B0;
			remoteInfo = TestMe2;
		};
		8466A14027E28325007A1A77 /* PBXContainerItemProxy */ = {
			isa = PBXContainerItemProxy;
			containerPortal = 84C54C1027E0E626009009B0 /* Project object */;
			proxyType = 1;
			remoteGlobalIDString = 84C54C1727E0E626009009B0;
			remoteInfo = TestMe2;
		};
/* End PBXContainerItemProxy section */

/* Begin PBXFileReference section */
		072BFD5DE6E860005E9A3A2F /* Pods-TestMe2.debug.xcconfig */ = {isa = PBXFileReference; includeInIndex = 1; lastKnownFileType = text.xcconfig; name = "Pods-TestMe2.debug.xcconfig"; path = "Target Support Files/Pods-TestMe2/Pods-TestMe2.debug.xcconfig"; sourceTree = "<group>"; };
		0EF544507D5F3E411D73D6CE /* Pods_TestMe2.framework */ = {isa = PBXFileReference; explicitFileType = wrapper.framework; includeInIndex = 0; path = Pods_TestMe2.framework; sourceTree = BUILT_PRODUCTS_DIR; };
		257A60FBC180CF0D59BA89EF /* Pods-TestMe2Tests.debug.xcconfig */ = {isa = PBXFileReference; includeInIndex = 1; lastKnownFileType = text.xcconfig; name = "Pods-TestMe2Tests.debug.xcconfig"; path = "Target Support Files/Pods-TestMe2Tests/Pods-TestMe2Tests.debug.xcconfig"; sourceTree = "<group>"; };
		4FF028196CE7F3AEBCE68745 /* Pods-TestMe2-TestMe2UITests.debug.xcconfig */ = {isa = PBXFileReference; includeInIndex = 1; lastKnownFileType = text.xcconfig; name = "Pods-TestMe2-TestMe2UITests.debug.xcconfig"; path = "Target Support Files/Pods-TestMe2-TestMe2UITests/Pods-TestMe2-TestMe2UITests.debug.xcconfig"; sourceTree = "<group>"; };
		7F24A3E57080FF48A8BB6493 /* Pods-TestMe2-TestMe2UITests.release.xcconfig */ = {isa = PBXFileReference; includeInIndex = 1; lastKnownFileType = text.xcconfig; name = "Pods-TestMe2-TestMe2UITests.release.xcconfig"; path = "Target Support Files/Pods-TestMe2-TestMe2UITests/Pods-TestMe2-TestMe2UITests.release.xcconfig"; sourceTree = "<group>"; };
		84505FD227E8E90A0054094A /* FeedBackViewController.swift */ = {isa = PBXFileReference; lastKnownFileType = sourcecode.swift; path = FeedBackViewController.swift; sourceTree = "<group>"; };
		84505FD427E8EA520054094A /* userLoginViewController.swift */ = {isa = PBXFileReference; lastKnownFileType = sourcecode.swift; path = userLoginViewController.swift; sourceTree = "<group>"; };
		8466A0BB27E0F031007A1A77 /* javaQViewController.swift */ = {isa = PBXFileReference; lastKnownFileType = sourcecode.swift; path = javaQViewController.swift; sourceTree = "<group>"; };
		8466A0DD27E22035007A1A77 /* userViewController.swift */ = {isa = PBXFileReference; lastKnownFileType = sourcecode.swift; path = userViewController.swift; sourceTree = "<group>"; };
		8466A0DF27E22082007A1A77 /* adminViewController.swift */ = {isa = PBXFileReference; lastKnownFileType = sourcecode.swift; path = adminViewController.swift; sourceTree = "<group>"; };
		8466A0E127E24975007A1A77 /* swiftQViewController.swift */ = {isa = PBXFileReference; lastKnownFileType = sourcecode.swift; path = swiftQViewController.swift; sourceTree = "<group>"; };
		8466A0E327E24F02007A1A77 /* cplusplusViewController.swift */ = {isa = PBXFileReference; lastKnownFileType = sourcecode.swift; path = cplusplusViewController.swift; sourceTree = "<group>"; };
		8466A0E527E251AB007A1A77 /* userScoreViewController.swift */ = {isa = PBXFileReference; lastKnownFileType = sourcecode.swift; path = userScoreViewController.swift; sourceTree = "<group>"; };
		8466A12D27E28314007A1A77 /* TestMe2Tests.xctest */ = {isa = PBXFileReference; explicitFileType = wrapper.cfbundle; includeInIndex = 0; path = TestMe2Tests.xctest; sourceTree = BUILT_PRODUCTS_DIR; };
		8466A12F27E28314007A1A77 /* TestMe2Tests.swift */ = {isa = PBXFileReference; lastKnownFileType = sourcecode.swift; path = TestMe2Tests.swift; sourceTree = "<group>"; };
		8466A13A27E28325007A1A77 /* TestMe2UITests.xctest */ = {isa = PBXFileReference; explicitFileType = wrapper.cfbundle; includeInIndex = 0; path = TestMe2UITests.xctest; sourceTree = BUILT_PRODUCTS_DIR; };
		8466A13C27E28325007A1A77 /* TestMe2UITests.swift */ = {isa = PBXFileReference; lastKnownFileType = sourcecode.swift; path = TestMe2UITests.swift; sourceTree = "<group>"; };
		8466A13E27E28325007A1A77 /* TestMe2UITestsLaunchTests.swift */ = {isa = PBXFileReference; lastKnownFileType = sourcecode.swift; path = TestMe2UITestsLaunchTests.swift; sourceTree = "<group>"; };
		8466A14527E38BCC007A1A77 /* Validate.swift */ = {isa = PBXFileReference; lastKnownFileType = sourcecode.swift; path = Validate.swift; sourceTree = "<group>"; };
		8466A18627E7EFBC007A1A77 /* DBHelper.swift */ = {isa = PBXFileReference; lastKnownFileType = sourcecode.swift; path = DBHelper.swift; sourceTree = "<group>"; };
		8498E5AE27E9345700AD2E97 /* adminLoginViewController.swift */ = {isa = PBXFileReference; lastKnownFileType = sourcecode.swift; path = adminLoginViewController.swift; sourceTree = "<group>"; };
		84C54C1827E0E626009009B0 /* TestMe2.app */ = {isa = PBXFileReference; explicitFileType = wrapper.application; includeInIndex = 0; path = TestMe2.app; sourceTree = BUILT_PRODUCTS_DIR; };
		84C54C1B27E0E626009009B0 /* AppDelegate.swift */ = {isa = PBXFileReference; lastKnownFileType = sourcecode.swift; path = AppDelegate.swift; sourceTree = "<group>"; };
		84C54C1D27E0E626009009B0 /* SceneDelegate.swift */ = {isa = PBXFileReference; lastKnownFileType = sourcecode.swift; path = SceneDelegate.swift; sourceTree = "<group>"; };
		84C54C1F27E0E626009009B0 /* ViewController.swift */ = {isa = PBXFileReference; lastKnownFileType = sourcecode.swift; path = ViewController.swift; sourceTree = "<group>"; };
		84C54C2227E0E626009009B0 /* Base */ = {isa = PBXFileReference; lastKnownFileType = file.storyboard; name = Base; path = Base.lproj/Main.storyboard; sourceTree = "<group>"; };
		84C54C2427E0E629009009B0 /* Assets.xcassets */ = {isa = PBXFileReference; lastKnownFileType = folder.assetcatalog; path = Assets.xcassets; sourceTree = "<group>"; };
		84C54C2727E0E629009009B0 /* Base */ = {isa = PBXFileReference; lastKnownFileType = file.storyboard; name = Base; path = Base.lproj/LaunchScreen.storyboard; sourceTree = "<group>"; };
		84C54C2927E0E629009009B0 /* Info.plist */ = {isa = PBXFileReference; lastKnownFileType = text.plist.xml; path = Info.plist; sourceTree = "<group>"; };
		84C54C2F27E0E7BB009009B0 /* User.swift */ = {isa = PBXFileReference; lastKnownFileType = sourcecode.swift; path = User.swift; sourceTree = "<group>"; };
		84C54C3127E0EE3D009009B0 /* Answers.swift */ = {isa = PBXFileReference; lastKnownFileType = sourcecode.swift; path = Answers.swift; sourceTree = "<group>"; };
		A85494ECFDE35EE5F4E8188B /* Pods-TestMe2.release.xcconfig */ = {isa = PBXFileReference; includeInIndex = 1; lastKnownFileType = text.xcconfig; name = "Pods-TestMe2.release.xcconfig"; path = "Target Support Files/Pods-TestMe2/Pods-TestMe2.release.xcconfig"; sourceTree = "<group>"; };
		E7C2C94464AA0A3A6A26301D /* Pods-TestMe2Tests.release.xcconfig */ = {isa = PBXFileReference; includeInIndex = 1; lastKnownFileType = text.xcconfig; name = "Pods-TestMe2Tests.release.xcconfig"; path = "Target Support Files/Pods-TestMe2Tests/Pods-TestMe2Tests.release.xcconfig"; sourceTree = "<group>"; };
		E9889985B0BD11A7CE759A41 /* Pods_TestMe2_TestMe2UITests.framework */ = {isa = PBXFileReference; explicitFileType = wrapper.framework; includeInIndex = 0; path = Pods_TestMe2_TestMe2UITests.framework; sourceTree = BUILT_PRODUCTS_DIR; };
		F81E728C8CE9A3D7825E7C0E /* Pods_TestMe2Tests.framework */ = {isa = PBXFileReference; explicitFileType = wrapper.framework; includeInIndex = 0; path = Pods_TestMe2Tests.framework; sourceTree = BUILT_PRODUCTS_DIR; };
/* End PBXFileReference section */

/* Begin PBXFrameworksBuildPhase section */
		8466A12A27E28314007A1A77 /* Frameworks */ = {
			isa = PBXFrameworksBuildPhase;
			buildActionMask = 2147483647;
			files = (
				8B2A5BB17C44FEA94F6207F3 /* Pods_TestMe2Tests.framework in Frameworks */,
			);
			runOnlyForDeploymentPostprocessing = 0;
		};
		8466A13727E28325007A1A77 /* Frameworks */ = {
			isa = PBXFrameworksBuildPhase;
			buildActionMask = 2147483647;
			files = (
				5C650D484CE9A7681D4C6945 /* Pods_TestMe2_TestMe2UITests.framework in Frameworks */,
			);
			runOnlyForDeploymentPostprocessing = 0;
		};
		84C54C1527E0E626009009B0 /* Frameworks */ = {
			isa = PBXFrameworksBuildPhase;
			buildActionMask = 2147483647;
			files = (
				A582A26A8D7D62F3FC958800 /* Pods_TestMe2.framework in Frameworks */,
			);
			runOnlyForDeploymentPostprocessing = 0;
		};
/* End PBXFrameworksBuildPhase section */

/* Begin PBXGroup section */
		8466A12E27E28314007A1A77 /* TestMe2Tests */ = {
			isa = PBXGroup;
			children = (
				8466A12F27E28314007A1A77 /* TestMe2Tests.swift */,
			);
			path = TestMe2Tests;
			sourceTree = "<group>";
		};
		8466A13B27E28325007A1A77 /* TestMe2UITests */ = {
			isa = PBXGroup;
			children = (
				8466A13C27E28325007A1A77 /* TestMe2UITests.swift */,
				8466A13E27E28325007A1A77 /* TestMe2UITestsLaunchTests.swift */,
			);
			path = TestMe2UITests;
			sourceTree = "<group>";
		};
		84C54C0F27E0E626009009B0 = {
			isa = PBXGroup;
			children = (
				84C54C1A27E0E626009009B0 /* TestMe2 */,
				8466A12E27E28314007A1A77 /* TestMe2Tests */,
				8466A13B27E28325007A1A77 /* TestMe2UITests */,
				84C54C1927E0E626009009B0 /* Products */,
				914028FB1F3E5B54D4EE3266 /* Pods */,
				9F9117609A49FB25765B0843 /* Frameworks */,
			);
			sourceTree = "<group>";
		};
		84C54C1927E0E626009009B0 /* Products */ = {
			isa = PBXGroup;
			children = (
				84C54C1827E0E626009009B0 /* TestMe2.app */,
				8466A12D27E28314007A1A77 /* TestMe2Tests.xctest */,
				8466A13A27E28325007A1A77 /* TestMe2UITests.xctest */,
			);
			name = Products;
			sourceTree = "<group>";
		};
		84C54C1A27E0E626009009B0 /* TestMe2 */ = {
			isa = PBXGroup;
			children = (
				8466A14527E38BCC007A1A77 /* Validate.swift */,
				84C54C1B27E0E626009009B0 /* AppDelegate.swift */,
				84C54C1D27E0E626009009B0 /* SceneDelegate.swift */,
				84C54C1F27E0E626009009B0 /* ViewController.swift */,
				84C54C2F27E0E7BB009009B0 /* User.swift */,
				84C54C2127E0E626009009B0 /* Main.storyboard */,
				8498E5AE27E9345700AD2E97 /* adminLoginViewController.swift */,
				84505FD427E8EA520054094A /* userLoginViewController.swift */,
				84505FD227E8E90A0054094A /* FeedBackViewController.swift */,
				8466A0E527E251AB007A1A77 /* userScoreViewController.swift */,
				8466A0E327E24F02007A1A77 /* cplusplusViewController.swift */,
				8466A0E127E24975007A1A77 /* swiftQViewController.swift */,
				8466A0DF27E22082007A1A77 /* adminViewController.swift */,
				8466A0DD27E22035007A1A77 /* userViewController.swift */,
				8466A0BB27E0F031007A1A77 /* javaQViewController.swift */,
				84C54C3127E0EE3D009009B0 /* Answers.swift */,
				8466A18627E7EFBC007A1A77 /* DBHelper.swift */,
				84C54C2427E0E629009009B0 /* Assets.xcassets */,
				84C54C2627E0E629009009B0 /* LaunchScreen.storyboard */,
				84C54C2927E0E629009009B0 /* Info.plist */,
			);
			path = TestMe2;
			sourceTree = "<group>";
		};
		914028FB1F3E5B54D4EE3266 /* Pods */ = {
			isa = PBXGroup;
			children = (
				072BFD5DE6E860005E9A3A2F /* Pods-TestMe2.debug.xcconfig */,
				A85494ECFDE35EE5F4E8188B /* Pods-TestMe2.release.xcconfig */,
				4FF028196CE7F3AEBCE68745 /* Pods-TestMe2-TestMe2UITests.debug.xcconfig */,
				7F24A3E57080FF48A8BB6493 /* Pods-TestMe2-TestMe2UITests.release.xcconfig */,
				257A60FBC180CF0D59BA89EF /* Pods-TestMe2Tests.debug.xcconfig */,
				E7C2C94464AA0A3A6A26301D /* Pods-TestMe2Tests.release.xcconfig */,
			);
			name = Pods;
			path = Pods;
			sourceTree = "<group>";
		};
		9F9117609A49FB25765B0843 /* Frameworks */ = {
			isa = PBXGroup;
			children = (
				0EF544507D5F3E411D73D6CE /* Pods_TestMe2.framework */,
				E9889985B0BD11A7CE759A41 /* Pods_TestMe2_TestMe2UITests.framework */,
				F81E728C8CE9A3D7825E7C0E /* Pods_TestMe2Tests.framework */,
			);
			name = Frameworks;
			sourceTree = "<group>";
		};
/* End PBXGroup section */

/* Begin PBXNativeTarget section */
		8466A12C27E28314007A1A77 /* TestMe2Tests */ = {
			isa = PBXNativeTarget;
			buildConfigurationList = 8466A13527E28314007A1A77 /* Build configuration list for PBXNativeTarget "TestMe2Tests" */;
			buildPhases = (
				AEB93B0FBECC4AEA0EF92B34 /* [CP] Check Pods Manifest.lock */,
				8466A12927E28314007A1A77 /* Sources */,
				8466A12A27E28314007A1A77 /* Frameworks */,
				8466A12B27E28314007A1A77 /* Resources */,
			);
			buildRules = (
			);
			dependencies = (
				8466A13227E28314007A1A77 /* PBXTargetDependency */,
			);
			name = TestMe2Tests;
			productName = TestMe2Tests;
			productReference = 8466A12D27E28314007A1A77 /* TestMe2Tests.xctest */;
			productType = "com.apple.product-type.bundle.unit-test";
		};
		8466A13927E28325007A1A77 /* TestMe2UITests */ = {
			isa = PBXNativeTarget;
			buildConfigurationList = 8466A14227E28325007A1A77 /* Build configuration list for PBXNativeTarget "TestMe2UITests" */;
			buildPhases = (
				5FE6A0D8FC296FC7909496B5 /* [CP] Check Pods Manifest.lock */,
				8466A13627E28325007A1A77 /* Sources */,
				8466A13727E28325007A1A77 /* Frameworks */,
				8466A13827E28325007A1A77 /* Resources */,
				295C856D4877D98ECD3473BF /* [CP] Embed Pods Frameworks */,
			);
			buildRules = (
			);
			dependencies = (
				8466A14127E28325007A1A77 /* PBXTargetDependency */,
			);
			name = TestMe2UITests;
			productName = TestMe2UITests;
			productReference = 8466A13A27E28325007A1A77 /* TestMe2UITests.xctest */;
			productType = "com.apple.product-type.bundle.ui-testing";
		};
		84C54C1727E0E626009009B0 /* TestMe2 */ = {
			isa = PBXNativeTarget;
			buildConfigurationList = 84C54C2C27E0E629009009B0 /* Build configuration list for PBXNativeTarget "TestMe2" */;
			buildPhases = (
				2458ABD94DEA558AB8BFB84C /* [CP] Check Pods Manifest.lock */,
				84C54C1427E0E626009009B0 /* Sources */,
				84C54C1527E0E626009009B0 /* Frameworks */,
				84C54C1627E0E626009009B0 /* Resources */,
				E42E9823ABD9B5464B89CBB5 /* [CP] Embed Pods Frameworks */,
			);
			buildRules = (
			);
			dependencies = (
			);
			name = TestMe2;
			productName = TestMe2;
			productReference = 84C54C1827E0E626009009B0 /* TestMe2.app */;
			productType = "com.apple.product-type.application";
		};
/* End PBXNativeTarget section */

/* Begin PBXProject section */
		84C54C1027E0E626009009B0 /* Project object */ = {
			isa = PBXProject;
			attributes = {
				BuildIndependentTargetsInParallel = 1;
				LastSwiftUpdateCheck = 1310;
				LastUpgradeCheck = 1310;
				TargetAttributes = {
					8466A12C27E28314007A1A77 = {
						CreatedOnToolsVersion = 13.1;
						TestTargetID = 84C54C1727E0E626009009B0;
					};
					8466A13927E28325007A1A77 = {
						CreatedOnToolsVersion = 13.1;
						TestTargetID = 84C54C1727E0E626009009B0;
					};
					84C54C1727E0E626009009B0 = {
						CreatedOnToolsVersion = 13.1;
					};
				};
			};
			buildConfigurationList = 84C54C1327E0E626009009B0 /* Build configuration list for PBXProject "TestMe2" */;
			compatibilityVersion = "Xcode 13.0";
			developmentRegion = en;
			hasScannedForEncodings = 0;
			knownRegions = (
				en,
				Base,
			);
			mainGroup = 84C54C0F27E0E626009009B0;
			productRefGroup = 84C54C1927E0E626009009B0 /* Products */;
			projectDirPath = "";
			projectRoot = "";
			targets = (
				84C54C1727E0E626009009B0 /* TestMe2 */,
				8466A12C27E28314007A1A77 /* TestMe2Tests */,
				8466A13927E28325007A1A77 /* TestMe2UITests */,
			);
		};
/* End PBXProject section */

/* Begin PBXResourcesBuildPhase section */
		8466A12B27E28314007A1A77 /* Resources */ = {
			isa = PBXResourcesBuildPhase;
			buildActionMask = 2147483647;
			files = (
			);
			runOnlyForDeploymentPostprocessing = 0;
		};
		8466A13827E28325007A1A77 /* Resources */ = {
			isa = PBXResourcesBuildPhase;
			buildActionMask = 2147483647;
			files = (
			);
			runOnlyForDeploymentPostprocessing = 0;
		};
		84C54C1627E0E626009009B0 /* Resources */ = {
			isa = PBXResourcesBuildPhase;
			buildActionMask = 2147483647;
			files = (
				84C54C2827E0E629009009B0 /* LaunchScreen.storyboard in Resources */,
				84C54C2527E0E629009009B0 /* Assets.xcassets in Resources */,
				84C54C2327E0E626009009B0 /* Main.storyboard in Resources */,
			);
			runOnlyForDeploymentPostprocessing = 0;
		};
/* End PBXResourcesBuildPhase section */

/* Begin PBXShellScriptBuildPhase section */
		2458ABD94DEA558AB8BFB84C /* [CP] Check Pods Manifest.lock */ = {
			isa = PBXShellScriptBuildPhase;
			buildActionMask = 2147483647;
			files = (
			);
			inputFileListPaths = (
			);
			inputPaths = (
				"${PODS_PODFILE_DIR_PATH}/Podfile.lock",
				"${PODS_ROOT}/Manifest.lock",
			);
			name = "[CP] Check Pods Manifest.lock";
			outputFileListPaths = (
			);
			outputPaths = (
				"$(DERIVED_FILE_DIR)/Pods-TestMe2-checkManifestLockResult.txt",
			);
			runOnlyForDeploymentPostprocessing = 0;
			shellPath = /bin/sh;
			shellScript = "diff \"${PODS_PODFILE_DIR_PATH}/Podfile.lock\" \"${PODS_ROOT}/Manifest.lock\" > /dev/null\nif [ $? != 0 ] ; then\n    # print error to STDERR\n    echo \"error: The sandbox is not in sync with the Podfile.lock. Run 'pod install' or update your CocoaPods installation.\" >&2\n    exit 1\nfi\n# This output is used by Xcode 'outputs' to avoid re-running this script phase.\necho \"SUCCESS\" > \"${SCRIPT_OUTPUT_FILE_0}\"\n";
			showEnvVarsInLog = 0;
		};
		295C856D4877D98ECD3473BF /* [CP] Embed Pods Frameworks */ = {
			isa = PBXShellScriptBuildPhase;
			buildActionMask = 2147483647;
			files = (
			);
			inputFileListPaths = (
				"${PODS_ROOT}/Target Support Files/Pods-TestMe2-TestMe2UITests/Pods-TestMe2-TestMe2UITests-frameworks-${CONFIGURATION}-input-files.xcfilelist",
			);
			name = "[CP] Embed Pods Frameworks";
			outputFileListPaths = (
				"${PODS_ROOT}/Target Support Files/Pods-TestMe2-TestMe2UITests/Pods-TestMe2-TestMe2UITests-frameworks-${CONFIGURATION}-output-files.xcfilelist",
			);
			runOnlyForDeploymentPostprocessing = 0;
			shellPath = /bin/sh;
			shellScript = "\"${PODS_ROOT}/Target Support Files/Pods-TestMe2-TestMe2UITests/Pods-TestMe2-TestMe2UITests-frameworks.sh\"\n";
			showEnvVarsInLog = 0;
		};
		5FE6A0D8FC296FC7909496B5 /* [CP] Check Pods Manifest.lock */ = {
			isa = PBXShellScriptBuildPhase;
			buildActionMask = 2147483647;
			files = (
			);
			inputFileListPaths = (
			);
			inputPaths = (
				"${PODS_PODFILE_DIR_PATH}/Podfile.lock",
				"${PODS_ROOT}/Manifest.lock",
			);
			name = "[CP] Check Pods Manifest.lock";
			outputFileListPaths = (
			);
			outputPaths = (
				"$(DERIVED_FILE_DIR)/Pods-TestMe2-TestMe2UITests-checkManifestLockResult.txt",
			);
			runOnlyForDeploymentPostprocessing = 0;
			shellPath = /bin/sh;
			shellScript = "diff \"${PODS_PODFILE_DIR_PATH}/Podfile.lock\" \"${PODS_ROOT}/Manifest.lock\" > /dev/null\nif [ $? != 0 ] ; then\n    # print error to STDERR\n    echo \"error: The sandbox is not in sync with the Podfile.lock. Run 'pod install' or update your CocoaPods installation.\" >&2\n    exit 1\nfi\n# This output is used by Xcode 'outputs' to avoid re-running this script phase.\necho \"SUCCESS\" > \"${SCRIPT_OUTPUT_FILE_0}\"\n";
			showEnvVarsInLog = 0;
		};
		AEB93B0FBECC4AEA0EF92B34 /* [CP] Check Pods Manifest.lock */ = {
			isa = PBXShellScriptBuildPhase;
			buildActionMask = 2147483647;
			files = (
			);
			inputFileListPaths = (
			);
			inputPaths = (
				"${PODS_PODFILE_DIR_PATH}/Podfile.lock",
				"${PODS_ROOT}/Manifest.lock",
			);
			name = "[CP] Check Pods Manifest.lock";
			outputFileListPaths = (
			);
			outputPaths = (
				"$(DERIVED_FILE_DIR)/Pods-TestMe2Tests-checkManifestLockResult.txt",
			);
			runOnlyForDeploymentPostprocessing = 0;
			shellPath = /bin/sh;
			shellScript = "diff \"${PODS_PODFILE_DIR_PATH}/Podfile.lock\" \"${PODS_ROOT}/Manifest.lock\" > /dev/null\nif [ $? != 0 ] ; then\n    # print error to STDERR\n    echo \"error: The sandbox is not in sync with the Podfile.lock. Run 'pod install' or update your CocoaPods installation.\" >&2\n    exit 1\nfi\n# This output is used by Xcode 'outputs' to avoid re-running this script phase.\necho \"SUCCESS\" > \"${SCRIPT_OUTPUT_FILE_0}\"\n";
			showEnvVarsInLog = 0;
		};
		E42E9823ABD9B5464B89CBB5 /* [CP] Embed Pods Frameworks */ = {
			isa = PBXShellScriptBuildPhase;
			buildActionMask = 2147483647;
			files = (
			);
			inputFileListPaths = (
				"${PODS_ROOT}/Target Support Files/Pods-TestMe2/Pods-TestMe2-frameworks-${CONFIGURATION}-input-files.xcfilelist",
			);
			name = "[CP] Embed Pods Frameworks";
			outputFileListPaths = (
				"${PODS_ROOT}/Target Support Files/Pods-TestMe2/Pods-TestMe2-frameworks-${CONFIGURATION}-output-files.xcfilelist",
			);
			runOnlyForDeploymentPostprocessing = 0;
			shellPath = /bin/sh;
			shellScript = "\"${PODS_ROOT}/Target Support Files/Pods-TestMe2/Pods-TestMe2-frameworks.sh\"\n";
			showEnvVarsInLog = 0;
		};
/* End PBXShellScriptBuildPhase section */

/* Begin PBXSourcesBuildPhase section */
		8466A12927E28314007A1A77 /* Sources */ = {
			isa = PBXSourcesBuildPhase;
			buildActionMask = 2147483647;
			files = (
				8466A13027E28314007A1A77 /* TestMe2Tests.swift in Sources */,
			);
			runOnlyForDeploymentPostprocessing = 0;
		};
		8466A13627E28325007A1A77 /* Sources */ = {
			isa = PBXSourcesBuildPhase;
			buildActionMask = 2147483647;
			files = (
				8466A13D27E28325007A1A77 /* TestMe2UITests.swift in Sources */,
				8466A13F27E28325007A1A77 /* TestMe2UITestsLaunchTests.swift in Sources */,
			);
			runOnlyForDeploymentPostprocessing = 0;
		};
		84C54C1427E0E626009009B0 /* Sources */ = {
			isa = PBXSourcesBuildPhase;
			buildActionMask = 2147483647;
			files = (
				84C54C3027E0E7BB009009B0 /* User.swift in Sources */,
				84505FD327E8E90A0054094A /* FeedBackViewController.swift in Sources */,
				8466A0DE27E22035007A1A77 /* userViewController.swift in Sources */,
				8466A0E627E251AB007A1A77 /* userScoreViewController.swift in Sources */,
				8466A18727E7EFBC007A1A77 /* DBHelper.swift in Sources */,
				84C54C2027E0E626009009B0 /* ViewController.swift in Sources */,
				8466A0E427E24F02007A1A77 /* cplusplusViewController.swift in Sources */,
				8466A0BC27E0F031007A1A77 /* javaQViewController.swift in Sources */,
				84C54C1C27E0E626009009B0 /* AppDelegate.swift in Sources */,
				84C54C3227E0EE3E009009B0 /* Answers.swift in Sources */,
				8498E5AF27E9345700AD2E97 /* adminLoginViewController.swift in Sources */,
				84C54C1E27E0E626009009B0 /* SceneDelegate.swift in Sources */,
				8466A0E227E24975007A1A77 /* swiftQViewController.swift in Sources */,
				8466A0E027E22082007A1A77 /* adminViewController.swift in Sources */,
				8466A14727E38BDF007A1A77 /* Validate.swift in Sources */,
				84505FD527E8EA520054094A /* userLoginViewController.swift in Sources */,
			);
			runOnlyForDeploymentPostprocessing = 0;
		};
/* End PBXSourcesBuildPhase section */

/* Begin PBXTargetDependency section */
		8466A13227E28314007A1A77 /* PBXTargetDependency */ = {
			isa = PBXTargetDependency;
			target = 84C54C1727E0E626009009B0 /* TestMe2 */;
			targetProxy = 8466A13127E28314007A1A77 /* PBXContainerItemProxy */;
		};
		8466A14127E28325007A1A77 /* PBXTargetDependency */ = {
			isa = PBXTargetDependency;
			target = 84C54C1727E0E626009009B0 /* TestMe2 */;
			targetProxy = 8466A14027E28325007A1A77 /* PBXContainerItemProxy */;
		};
/* End PBXTargetDependency section */

/* Begin PBXVariantGroup section */
		84C54C2127E0E626009009B0 /* Main.storyboard */ = {
			isa = PBXVariantGroup;
			children = (
				84C54C2227E0E626009009B0 /* Base */,
			);
			name = Main.storyboard;
			sourceTree = "<group>";
		};
		84C54C2627E0E629009009B0 /* LaunchScreen.storyboard */ = {
			isa = PBXVariantGroup;
			children = (
				84C54C2727E0E629009009B0 /* Base */,
			);
			name = LaunchScreen.storyboard;
			sourceTree = "<group>";
		};
/* End PBXVariantGroup section */

/* Begin XCBuildConfiguration section */
		8466A13327E28314007A1A77 /* Debug */ = {
			isa = XCBuildConfiguration;
			baseConfigurationReference = 257A60FBC180CF0D59BA89EF /* Pods-TestMe2Tests.debug.xcconfig */;
			buildSettings = {
				BUNDLE_LOADER = "$(TEST_HOST)";
				CODE_SIGN_STYLE = Automatic;
				CURRENT_PROJECT_VERSION = 1;
				GENERATE_INFOPLIST_FILE = YES;
				LD_RUNPATH_SEARCH_PATHS = (
					"$(inherited)",
					"@executable_path/Frameworks",
					"@loader_path/Frameworks",
				);
				MARKETING_VERSION = 1.0;
				PRODUCT_BUNDLE_IDENTIFIER = TestMe2Test.TestMe2Tests;
				PRODUCT_NAME = "$(TARGET_NAME)";
				SWIFT_EMIT_LOC_STRINGS = NO;
				SWIFT_VERSION = 5.0;
				TARGETED_DEVICE_FAMILY = "1,2";
				TEST_HOST = "$(BUILT_PRODUCTS_DIR)/TestMe2.app/TestMe2";
			};
			name = Debug;
		};
		8466A13427E28314007A1A77 /* Release */ = {
			isa = XCBuildConfiguration;
			baseConfigurationReference = E7C2C94464AA0A3A6A26301D /* Pods-TestMe2Tests.release.xcconfig */;
			buildSettings = {
				BUNDLE_LOADER = "$(TEST_HOST)";
				CODE_SIGN_STYLE = Automatic;
				CURRENT_PROJECT_VERSION = 1;
				GENERATE_INFOPLIST_FILE = YES;
				LD_RUNPATH_SEARCH_PATHS = (
					"$(inherited)",
					"@executable_path/Frameworks",
					"@loader_path/Frameworks",
				);
				MARKETING_VERSION = 1.0;
				PRODUCT_BUNDLE_IDENTIFIER = TestMe2Test.TestMe2Tests;
				PRODUCT_NAME = "$(TARGET_NAME)";
				SWIFT_EMIT_LOC_STRINGS = NO;
				SWIFT_VERSION = 5.0;
				TARGETED_DEVICE_FAMILY = "1,2";
				TEST_HOST = "$(BUILT_PRODUCTS_DIR)/TestMe2.app/TestMe2";
			};
			name = Release;
		};
		8466A14327E28325007A1A77 /* Debug */ = {
			isa = XCBuildConfiguration;
			baseConfigurationReference = 4FF028196CE7F3AEBCE68745 /* Pods-TestMe2-TestMe2UITests.debug.xcconfig */;
			buildSettings = {
				CODE_SIGN_STYLE = Automatic;
				CURRENT_PROJECT_VERSION = 1;
				GENERATE_INFOPLIST_FILE = YES;
				LD_RUNPATH_SEARCH_PATHS = (
					"$(inherited)",
					"@executable_path/Frameworks",
					"@loader_path/Frameworks",
				);
				MARKETING_VERSION = 1.0;
				PRODUCT_BUNDLE_IDENTIFIER = TestMe2Test.TestMe2UITests;
				PRODUCT_NAME = "$(TARGET_NAME)";
				SWIFT_EMIT_LOC_STRINGS = NO;
				SWIFT_VERSION = 5.0;
				TARGETED_DEVICE_FAMILY = "1,2";
				TEST_TARGET_NAME = TestMe2;
			};
			name = Debug;
		};
		8466A14427E28325007A1A77 /* Release */ = {
			isa = XCBuildConfiguration;
			baseConfigurationReference = 7F24A3E57080FF48A8BB6493 /* Pods-TestMe2-TestMe2UITests.release.xcconfig */;
			buildSettings = {
				CODE_SIGN_STYLE = Automatic;
				CURRENT_PROJECT_VERSION = 1;
				GENERATE_INFOPLIST_FILE = YES;
				LD_RUNPATH_SEARCH_PATHS = (
					"$(inherited)",
					"@executable_path/Frameworks",
					"@loader_path/Frameworks",
				);
				MARKETING_VERSION = 1.0;
				PRODUCT_BUNDLE_IDENTIFIER = TestMe2Test.TestMe2UITests;
				PRODUCT_NAME = "$(TARGET_NAME)";
				SWIFT_EMIT_LOC_STRINGS = NO;
				SWIFT_VERSION = 5.0;
				TARGETED_DEVICE_FAMILY = "1,2";
				TEST_TARGET_NAME = TestMe2;
			};
			name = Release;
		};
		84C54C2A27E0E629009009B0 /* Debug */ = {
			isa = XCBuildConfiguration;
			buildSettings = {
				ALWAYS_SEARCH_USER_PATHS = NO;
				CLANG_ANALYZER_NONNULL = YES;
				CLANG_ANALYZER_NUMBER_OBJECT_CONVERSION = YES_AGGRESSIVE;
				CLANG_CXX_LANGUAGE_STANDARD = "gnu++17";
				CLANG_CXX_LIBRARY = "libc++";
				CLANG_ENABLE_MODULES = YES;
				CLANG_ENABLE_OBJC_ARC = YES;
				CLANG_ENABLE_OBJC_WEAK = YES;
				CLANG_WARN_BLOCK_CAPTURE_AUTORELEASING = YES;
				CLANG_WARN_BOOL_CONVERSION = YES;
				CLANG_WARN_COMMA = YES;
				CLANG_WARN_CONSTANT_CONVERSION = YES;
				CLANG_WARN_DEPRECATED_OBJC_IMPLEMENTATIONS = YES;
				CLANG_WARN_DIRECT_OBJC_ISA_USAGE = YES_ERROR;
				CLANG_WARN_DOCUMENTATION_COMMENTS = YES;
				CLANG_WARN_EMPTY_BODY = YES;
				CLANG_WARN_ENUM_CONVERSION = YES;
				CLANG_WARN_INFINITE_RECURSION = YES;
				CLANG_WARN_INT_CONVERSION = YES;
				CLANG_WARN_NON_LITERAL_NULL_CONVERSION = YES;
				CLANG_WARN_OBJC_IMPLICIT_RETAIN_SELF = YES;
				CLANG_WARN_OBJC_LITERAL_CONVERSION = YES;
				CLANG_WARN_OBJC_ROOT_CLASS = YES_ERROR;
				CLANG_WARN_QUOTED_INCLUDE_IN_FRAMEWORK_HEADER = YES;
				CLANG_WARN_RANGE_LOOP_ANALYSIS = YES;
				CLANG_WARN_STRICT_PROTOTYPES = YES;
				CLANG_WARN_SUSPICIOUS_MOVE = YES;
				CLANG_WARN_UNGUARDED_AVAILABILITY = YES_AGGRESSIVE;
				CLANG_WARN_UNREACHABLE_CODE = YES;
				CLANG_WARN__DUPLICATE_METHOD_MATCH = YES;
				COPY_PHASE_STRIP = NO;
				DEBUG_INFORMATION_FORMAT = dwarf;
				ENABLE_STRICT_OBJC_MSGSEND = YES;
				ENABLE_TESTABILITY = YES;
				GCC_C_LANGUAGE_STANDARD = gnu11;
				GCC_DYNAMIC_NO_PIC = NO;
				GCC_NO_COMMON_BLOCKS = YES;
				GCC_OPTIMIZATION_LEVEL = 0;
				GCC_PREPROCESSOR_DEFINITIONS = (
					"DEBUG=1",
					"$(inherited)",
				);
				GCC_WARN_64_TO_32_BIT_CONVERSION = YES;
				GCC_WARN_ABOUT_RETURN_TYPE = YES_ERROR;
				GCC_WARN_UNDECLARED_SELECTOR = YES;
				GCC_WARN_UNINITIALIZED_AUTOS = YES_AGGRESSIVE;
				GCC_WARN_UNUSED_FUNCTION = YES;
				GCC_WARN_UNUSED_VARIABLE = YES;
				IPHONEOS_DEPLOYMENT_TARGET = 15.0;
				MTL_ENABLE_DEBUG_INFO = INCLUDE_SOURCE;
				MTL_FAST_MATH = YES;
				ONLY_ACTIVE_ARCH = YES;
				SDKROOT = iphoneos;
				SWIFT_ACTIVE_COMPILATION_CONDITIONS = DEBUG;
				SWIFT_OPTIMIZATION_LEVEL = "-Onone";
			};
			name = Debug;
		};
		84C54C2B27E0E629009009B0 /* Release */ = {
			isa = XCBuildConfiguration;
			buildSettings = {
				ALWAYS_SEARCH_USER_PATHS = NO;
				CLANG_ANALYZER_NONNULL = YES;
				CLANG_ANALYZER_NUMBER_OBJECT_CONVERSION = YES_AGGRESSIVE;
				CLANG_CXX_LANGUAGE_STANDARD = "gnu++17";
				CLANG_CXX_LIBRARY = "libc++";
				CLANG_ENABLE_MODULES = YES;
				CLANG_ENABLE_OBJC_ARC = YES;
				CLANG_ENABLE_OBJC_WEAK = YES;
				CLANG_WARN_BLOCK_CAPTURE_AUTORELEASING = YES;
				CLANG_WARN_BOOL_CONVERSION = YES;
				CLANG_WARN_COMMA = YES;
				CLANG_WARN_CONSTANT_CONVERSION = YES;
				CLANG_WARN_DEPRECATED_OBJC_IMPLEMENTATIONS = YES;
				CLANG_WARN_DIRECT_OBJC_ISA_USAGE = YES_ERROR;
				CLANG_WARN_DOCUMENTATION_COMMENTS = YES;
				CLANG_WARN_EMPTY_BODY = YES;
				CLANG_WARN_ENUM_CONVERSION = YES;
				CLANG_WARN_INFINITE_RECURSION = YES;
				CLANG_WARN_INT_CONVERSION = YES;
				CLANG_WARN_NON_LITERAL_NULL_CONVERSION = YES;
				CLANG_WARN_OBJC_IMPLICIT_RETAIN_SELF = YES;
				CLANG_WARN_OBJC_LITERAL_CONVERSION = YES;
				CLANG_WARN_OBJC_ROOT_CLASS = YES_ERROR;
				CLANG_WARN_QUOTED_INCLUDE_IN_FRAMEWORK_HEADER = YES;
				CLANG_WARN_RANGE_LOOP_ANALYSIS = YES;
				CLANG_WARN_STRICT_PROTOTYPES = YES;
				CLANG_WARN_SUSPICIOUS_MOVE = YES;
				CLANG_WARN_UNGUARDED_AVAILABILITY = YES_AGGRESSIVE;
				CLANG_WARN_UNREACHABLE_CODE = YES;
				CLANG_WARN__DUPLICATE_METHOD_MATCH = YES;
				COPY_PHASE_STRIP = NO;
				DEBUG_INFORMATION_FORMAT = "dwarf-with-dsym";
				ENABLE_NS_ASSERTIONS = NO;
				ENABLE_STRICT_OBJC_MSGSEND = YES;
				GCC_C_LANGUAGE_STANDARD = gnu11;
				GCC_NO_COMMON_BLOCKS = YES;
				GCC_WARN_64_TO_32_BIT_CONVERSION = YES;
				GCC_WARN_ABOUT_RETURN_TYPE = YES_ERROR;
				GCC_WARN_UNDECLARED_SELECTOR = YES;
				GCC_WARN_UNINITIALIZED_AUTOS = YES_AGGRESSIVE;
				GCC_WARN_UNUSED_FUNCTION = YES;
				GCC_WARN_UNUSED_VARIABLE = YES;
				IPHONEOS_DEPLOYMENT_TARGET = 15.0;
				MTL_ENABLE_DEBUG_INFO = NO;
				MTL_FAST_MATH = YES;
				SDKROOT = iphoneos;
				SWIFT_COMPILATION_MODE = wholemodule;
				SWIFT_OPTIMIZATION_LEVEL = "-O";
				VALIDATE_PRODUCT = YES;
			};
			name = Release;
		};
		84C54C2D27E0E629009009B0 /* Debug */ = {
			isa = XCBuildConfiguration;
			baseConfigurationReference = 072BFD5DE6E860005E9A3A2F /* Pods-TestMe2.debug.xcconfig */;
			buildSettings = {
				ASSETCATALOG_COMPILER_APPICON_NAME = AppIcon;
				ASSETCATALOG_COMPILER_GLOBAL_ACCENT_COLOR_NAME = AccentColor;
				CODE_SIGN_STYLE = Automatic;
				CURRENT_PROJECT_VERSION = 1;
				GENERATE_INFOPLIST_FILE = YES;
				INFOPLIST_FILE = TestMe2/Info.plist;
				INFOPLIST_KEY_UIApplicationSupportsIndirectInputEvents = YES;
				INFOPLIST_KEY_UILaunchStoryboardName = LaunchScreen;
				INFOPLIST_KEY_UIMainStoryboardFile = Main;
				INFOPLIST_KEY_UISupportedInterfaceOrientations_iPad = "UIInterfaceOrientationPortrait UIInterfaceOrientationPortraitUpsideDown UIInterfaceOrientationLandscapeLeft UIInterfaceOrientationLandscapeRight";
				INFOPLIST_KEY_UISupportedInterfaceOrientations_iPhone = "UIInterfaceOrientationPortrait UIInterfaceOrientationLandscapeLeft UIInterfaceOrientationLandscapeRight";
				LD_RUNPATH_SEARCH_PATHS = (
					"$(inherited)",
					"@executable_path/Frameworks",
				);
				MARKETING_VERSION = 1.0;
				PRODUCT_BUNDLE_IDENTIFIER = TestMeApp2.TestMe2;
				PRODUCT_NAME = "$(TARGET_NAME)";
				SWIFT_EMIT_LOC_STRINGS = YES;
				SWIFT_VERSION = 5.0;
				TARGETED_DEVICE_FAMILY = "1,2";
			};
			name = Debug;
		};
		84C54C2E27E0E629009009B0 /* Release */ = {
			isa = XCBuildConfiguration;
			baseConfigurationReference = A85494ECFDE35EE5F4E8188B /* Pods-TestMe2.release.xcconfig */;
			buildSettings = {
				ASSETCATALOG_COMPILER_APPICON_NAME = AppIcon;
				ASSETCATALOG_COMPILER_GLOBAL_ACCENT_COLOR_NAME = AccentColor;
				CODE_SIGN_STYLE = Automatic;
				CURRENT_PROJECT_VERSION = 1;
				GENERATE_INFOPLIST_FILE = YES;
				INFOPLIST_FILE = TestMe2/Info.plist;
				INFOPLIST_KEY_UIApplicationSupportsIndirectInputEvents = YES;
				INFOPLIST_KEY_UILaunchStoryboardName = LaunchScreen;
				INFOPLIST_KEY_UIMainStoryboardFile = Main;
				INFOPLIST_KEY_UISupportedInterfaceOrientations_iPad = "UIInterfaceOrientationPortrait UIInterfaceOrientationPortraitUpsideDown UIInterfaceOrientationLandscapeLeft UIInterfaceOrientationLandscapeRight";
				INFOPLIST_KEY_UISupportedInterfaceOrientations_iPhone = "UIInterfaceOrientationPortrait UIInterfaceOrientationLandscapeLeft UIInterfaceOrientationLandscapeRight";
				LD_RUNPATH_SEARCH_PATHS = (
					"$(inherited)",
					"@executable_path/Frameworks",
				);
				MARKETING_VERSION = 1.0;
				PRODUCT_BUNDLE_IDENTIFIER = TestMeApp2.TestMe2;
				PRODUCT_NAME = "$(TARGET_NAME)";
				SWIFT_EMIT_LOC_STRINGS = YES;
				SWIFT_VERSION = 5.0;
				TARGETED_DEVICE_FAMILY = "1,2";
			};
			name = Release;
		};
/* End XCBuildConfiguration section */

/* Begin XCConfigurationList section */
		8466A13527E28314007A1A77 /* Build configuration list for PBXNativeTarget "TestMe2Tests" */ = {
			isa = XCConfigurationList;
			buildConfigurations = (
				8466A13327E28314007A1A77 /* Debug */,
				8466A13427E28314007A1A77 /* Release */,
			);
			defaultConfigurationIsVisible = 0;
			defaultConfigurationName = Release;
		};
		8466A14227E28325007A1A77 /* Build configuration list for PBXNativeTarget "TestMe2UITests" */ = {
			isa = XCConfigurationList;
			buildConfigurations = (
				8466A14327E28325007A1A77 /* Debug */,
				8466A14427E28325007A1A77 /* Release */,
			);
			defaultConfigurationIsVisible = 0;
			defaultConfigurationName = Release;
		};
		84C54C1327E0E626009009B0 /* Build configuration list for PBXProject "TestMe2" */ = {
			isa = XCConfigurationList;
			buildConfigurations = (
				84C54C2A27E0E629009009B0 /* Debug */,
				84C54C2B27E0E629009009B0 /* Release */,
			);
			defaultConfigurationIsVisible = 0;
			defaultConfigurationName = Release;
		};
		84C54C2C27E0E629009009B0 /* Build configuration list for PBXNativeTarget "TestMe2" */ = {
			isa = XCConfigurationList;
			buildConfigurations = (
				84C54C2D27E0E629009009B0 /* Debug */,
				84C54C2E27E0E629009009B0 /* Release */,
			);
			defaultConfigurationIsVisible = 0;
			defaultConfigurationName = Release;
		};
/* End XCConfigurationList section */
	};
	rootObject = 84C54C1027E0E626009009B0 /* Project object */;
}
